
Microsoft Visual Studio Solution File, Format Version 12.00
# Visual Studio Version 16
VisualStudioVersion = 16.0.30204.135
MinimumVisualStudioVersion = 15.0.26124.0
Project("{9A19103F-16F7-4668-BE54-9A1E7A4F7556}") = "api", "api\api.csproj", "{0DE49AEF-5082-4AA6-9729-3984E4FB426F}"
EndProject
Project("{FAE04EC0-301F-11D3-BF4B-00C04F79EFBC}") = "PaymentGateway", "PaymentGateway\PaymentGateway.csproj", "{EA073BF9-8923-4FFE-A98B-682666DA8605}"
EndProject
Global
	GlobalSection(SolutionConfigurationPlatforms) = preSolution
		Debug|Any CPU = Debug|Any CPU
		Debug|x64 = Debug|x64
		Debug|x86 = Debug|x86
		Release|Any CPU = Release|Any CPU
		Release|x64 = Release|x64
		Release|x86 = Release|x86
	EndGlobalSection
	GlobalSection(ProjectConfigurationPlatforms) = postSolution
		{0DE49AEF-5082-4AA6-9729-3984E4FB426F}.Debug|Any CPU.ActiveCfg = Debug|Any CPU
		{0DE49AEF-5082-4AA6-9729-3984E4FB426F}.Debug|Any CPU.Build.0 = Debug|Any CPU
		{0DE49AEF-5082-4AA6-9729-3984E4FB426F}.Debug|x64.ActiveCfg = Debug|Any CPU
		{0DE49AEF-5082-4AA6-9729-3984E4FB426F}.Debug|x64.Build.0 = Debug|Any CPU
		{0DE49AEF-5082-4AA6-9729-3984E4FB426F}.Debug|x86.ActiveCfg = Debug|Any CPU
		{0DE49AEF-5082-4AA6-9729-3984E4FB426F}.Debug|x86.Build.0 = Debug|Any CPU
		{0DE49AEF-5082-4AA6-9729-3984E4FB426F}.Release|Any CPU.ActiveCfg = Release|Any CPU
		{0DE49AEF-5082-4AA6-9729-3984E4FB426F}.Release|Any CPU.Build.0 = Release|Any CPU
		{0DE49AEF-5082-4AA6-9729-3984E4FB426F}.Release|x64.ActiveCfg = Release|Any CPU
		{0DE49AEF-5082-4AA6-9729-3984E4FB426F}.Release|x64.Build.0 = Release|Any CPU
		{0DE49AEF-5082-4AA6-9729-3984E4FB426F}.Release|x86.ActiveCfg = Release|Any CPU
		{0DE49AEF-5082-4AA6-9729-3984E4FB426F}.Release|x86.Build.0 = Release|Any CPU
		{EA073BF9-8923-4FFE-A98B-682666DA8605}.Debug|Any CPU.ActiveCfg = Debug|Any CPU
		{EA073BF9-8923-4FFE-A98B-682666DA8605}.Debug|Any CPU.Build.0 = Debug|Any CPU
		{EA073BF9-8923-4FFE-A98B-682666DA8605}.Debug|x64.ActiveCfg = Debug|Any CPU
		{EA073BF9-8923-4FFE-A98B-682666DA8605}.Debug|x64.Build.0 = Debug|Any CPU
		{EA073BF9-8923-4FFE-A98B-682666DA8605}.Debug|x86.ActiveCfg = Debug|Any CPU
		{EA073BF9-8923-4FFE-A98B-682666DA8605}.Debug|x86.Build.0 = Debug|Any CPU
		{EA073BF9-8923-4FFE-A98B-682666DA8605}.Release|Any CPU.ActiveCfg = Release|Any CPU
		{EA073BF9-8923-4FFE-A98B-682666DA8605}.Release|Any CPU.Build.0 = Release|Any CPU
		{EA073BF9-8923-4FFE-A98B-682666DA8605}.Release|x64.ActiveCfg = Release|Any CPU
		{EA073BF9-8923-4FFE-A98B-682666DA8605}.Release|x64.Build.0 = Release|Any CPU
		{EA073BF9-8923-4FFE-A98B-682666DA8605}.Release|x86.ActiveCfg = Release|Any CPU
		{EA073BF9-8923-4FFE-A98B-682666DA8605}.Release|x86.Build.0 = Release|Any CPU
	EndGlobalSection
	GlobalSection(SolutionProperties) = preSolution
		HideSolutionNode = FALSE
	EndGlobalSection
	GlobalSection(ExtensibilityGlobals) = postSolution
		SolutionGuid = {CD699971-AAD5-4605-8033-C3981AD45ABF}
	EndGlobalSection
EndGlobal
